{
  "name": "tests",
  "version": "1.0.0",
  "lockfileVersion": 2,
  "requires": true,
  "packages": {
    "": {
      "name": "tests",
      "version": "1.0.0",
      "license": "ISC",
      "dependencies": {
        "@types/commander": "^2.9.2",
        "@types/node": "^8.0.26",
        "commander": "^2.11.0",
        "typescript": "^5.8.3"
      }
    },
    "node_modules/@types/commander": {
      "version": "2.12.5",
      "resolved": "https://registry.npmjs.org/@types/commander/-/commander-2.12.5.tgz",
      "integrity": "sha512-YXGZ/rz+s57VbzcvEV9fUoXeJlBt5HaKu5iUheiIWNsJs23bz6AnRuRiZBRVBLYyPnixNvVnuzM5pSaxr8Yp/g==",
      "deprecated": "This is a stub types definition. commander provides its own type definitions, so you do not need this installed.",
      "dependencies": {
        "commander": "*"
      }
    },
    "node_modules/@types/node": {
      "version": "8.10.66",
      "resolved": "https://registry.npmjs.org/@types/node/-/node-8.10.66.tgz",
      "integrity": "sha512-tktOkFUA4kXx2hhhrB8bIFb5TbwzS4uOhKEmwiD+NoiL0qtP2OQ9mFldbgD4dV1djrlBYP6eBuQZiWjuHUpqFw=="
    },
    "node_modules/commander": {
      "version": "2.20.3",
      "resolved": "https://registry.npmjs.org/commander/-/commander-2.20.3.tgz",
      "integrity": "sha512-GpVkmM8vF2vQUkj2LvZmD35JxeJOLCwJ9cUkugyk2nuhbv3+mJvpLYYt+0+USMxE+oj+ey/lJEnhZw75x/OMcQ=="
    },
    "node_modules/typescript": {
      "version": "5.8.3",
      "resolved": "https://registry.npmjs.org/typescript/-/typescript-5.8.3.tgz",
      "integrity": "sha512-p1diW6TqL9L07nNxvRMM7hMMw4c5XOo/1ibL4aAIGmSAt9slTE1Xgw5KWuof2uTOvCg9BY7ZRi+GaF+7sfgPeQ==",
      "license": "Apache-2.0",
      "bin": {
        "tsc": "bin/tsc",
        "tsserver": "bin/tsserver"
      },
      "engines": {
        "node": ">=14.17"
      }
    }
  },
  "dependencies": {
    "@types/commander": {
      "version": "2.12.5",
      "resolved": "https://registry.npmjs.org/@types/commander/-/commander-2.12.5.tgz",
      "integrity": "sha512-YXGZ/rz+s57VbzcvEV9fUoXeJlBt5HaKu5iUheiIWNsJs23bz6AnRuRiZBRVBLYyPnixNvVnuzM5pSaxr8Yp/g==",
      "requires": {
        "commander": "*"
      }
    },
    "@types/node": {
      "version": "8.10.66",
      "resolved": "https://registry.npmjs.org/@types/node/-/node-8.10.66.tgz",
      "integrity": "sha512-tktOkFUA4kXx2hhhrB8bIFb5TbwzS4uOhKEmwiD+NoiL0qtP2OQ9mFldbgD4dV1djrlBYP6eBuQZiWjuHUpqFw=="
    },
    "commander": {
      "version": "2.20.3",
      "resolved": "https://registry.npmjs.org/commander/-/commander-2.20.3.tgz",
      "integrity": "sha512-GpVkmM8vF2vQUkj2LvZmD35JxeJOLCwJ9cUkugyk2nuhbv3+mJvpLYYt+0+USMxE+oj+ey/lJEnhZw75x/OMcQ=="
    },
    "typescript": {
      "version": "5.8.3",
      "resolved": "https://registry.npmjs.org/typescript/-/typescript-5.8.3.tgz",
      "integrity": "sha512-p1diW6TqL9L07nNxvRMM7hMMw4c5XOo/1ibL4aAIGmSAt9slTE1Xgw5KWuof2uTOvCg9BY7ZRi+GaF+7sfgPeQ=="
    }
  }
}
